
Microsoft Visual Studio Solution File, Format Version 12.00
# Visual Studio 14
VisualStudioVersion = 14.0.25420.1
MinimumVisualStudioVersion = 10.0.40219.1
Project("{FAE04EC0-301F-11D3-BF4B-00C04F79EFBC}") = "PomodoroAgile", "PomodoroAgile.csproj", "{91408D0D-EA6D-4E2D-8D17-120ABDF899CF}"
EndProject
Project("{FAE04EC0-301F-11D3-BF4B-00C04F79EFBC}") = "PomodoroAgile.Tests", "..\PomodoroAgile.Tests\PomodoroAgile.Tests.csproj", "{D849DCAD-7047-453E-A5DA-5D1591C68763}"
EndProject
Global
	GlobalSection(SolutionConfigurationPlatforms) = preSolution
		Debug|Any CPU = Debug|Any CPU
		Release|Any CPU = Release|Any CPU
	EndGlobalSection
	GlobalSection(ProjectConfigurationPlatforms) = postSolution
		{91408D0D-EA6D-4E2D-8D17-120ABDF899CF}.Debug|Any CPU.ActiveCfg = Debug|Any CPU
		{91408D0D-EA6D-4E2D-8D17-120ABDF899CF}.Debug|Any CPU.Build.0 = Debug|Any CPU
		{91408D0D-EA6D-4E2D-8D17-120ABDF899CF}.Release|Any CPU.ActiveCfg = Release|Any CPU
		{91408D0D-EA6D-4E2D-8D17-120ABDF899CF}.Release|Any CPU.Build.0 = Release|Any CPU
		{D849DCAD-7047-453E-A5DA-5D1591C68763}.Debug|Any CPU.ActiveCfg = Debug|Any CPU
		{D849DCAD-7047-453E-A5DA-5D1591C68763}.Debug|Any CPU.Build.0 = Debug|Any CPU
		{D849DCAD-7047-453E-A5DA-5D1591C68763}.Release|Any CPU.ActiveCfg = Release|Any CPU
		{D849DCAD-7047-453E-A5DA-5D1591C68763}.Release|Any CPU.Build.0 = Release|Any CPU
	EndGlobalSection
	GlobalSection(SolutionProperties) = preSolution
		HideSolutionNode = FALSE
	EndGlobalSection
EndGlobal
